
Microsoft Visual Studio Solution File, Format Version 12.00
# Visual Studio Version 17
VisualStudioVersion = 17.8.34525.116
MinimumVisualStudioVersion = 10.0.40219.1
Project("{FAE04EC0-301F-11D3-BF4B-00C04F79EFBC}") = "Groepsproject_Blokken", "Groepsproject_Blokken\Groepsproject_Blokken.csproj", "{EA577C3C-18B6-4795-8D71-3464FEC85225}"
EndProject
Project("{9A19103F-16F7-4668-BE54-9A1E7A4F7556}") = "Groepsproject-Blokken.Tests", "Groepsproject-Blokken.Tests\Groepsproject-Blokken.Tests.csproj", "{F0369EF9-6C88-4249-A588-E0917DEC103C}"
EndProject
Global
	GlobalSection(SolutionConfigurationPlatforms) = preSolution
		Debug|Any CPU = Debug|Any CPU
		Debug|ARM32 = Debug|ARM32
		Debug|ARM64 = Debug|ARM64
		Debug|x64 = Debug|x64
		Debug|x86 = Debug|x86
		Release|Any CPU = Release|Any CPU
		Release|ARM32 = Release|ARM32
		Release|ARM64 = Release|ARM64
		Release|x64 = Release|x64
		Release|x86 = Release|x86
	EndGlobalSection
	GlobalSection(ProjectConfigurationPlatforms) = postSolution
		{EA577C3C-18B6-4795-8D71-3464FEC85225}.Debug|Any CPU.ActiveCfg = Debug|x64
		{EA577C3C-18B6-4795-8D71-3464FEC85225}.Debug|ARM32.ActiveCfg = Debug|Any CPU
		{EA577C3C-18B6-4795-8D71-3464FEC85225}.Debug|ARM32.Build.0 = Debug|Any CPU
		{EA577C3C-18B6-4795-8D71-3464FEC85225}.Debug|ARM64.ActiveCfg = Debug|Any CPU
		{EA577C3C-18B6-4795-8D71-3464FEC85225}.Debug|ARM64.Build.0 = Debug|Any CPU
		{EA577C3C-18B6-4795-8D71-3464FEC85225}.Debug|x64.ActiveCfg = Debug|x64
		{EA577C3C-18B6-4795-8D71-3464FEC85225}.Debug|x86.ActiveCfg = Debug|Any CPU
		{EA577C3C-18B6-4795-8D71-3464FEC85225}.Debug|x86.Build.0 = Debug|Any CPU
		{EA577C3C-18B6-4795-8D71-3464FEC85225}.Release|Any CPU.ActiveCfg = Release|Any CPU
		{EA577C3C-18B6-4795-8D71-3464FEC85225}.Release|Any CPU.Build.0 = Release|Any CPU
		{EA577C3C-18B6-4795-8D71-3464FEC85225}.Release|ARM32.ActiveCfg = Release|Any CPU
		{EA577C3C-18B6-4795-8D71-3464FEC85225}.Release|ARM32.Build.0 = Release|Any CPU
		{EA577C3C-18B6-4795-8D71-3464FEC85225}.Release|ARM64.ActiveCfg = Release|Any CPU
		{EA577C3C-18B6-4795-8D71-3464FEC85225}.Release|ARM64.Build.0 = Release|Any CPU
		{EA577C3C-18B6-4795-8D71-3464FEC85225}.Release|x64.ActiveCfg = Release|Any CPU
		{EA577C3C-18B6-4795-8D71-3464FEC85225}.Release|x64.Build.0 = Release|Any CPU
		{EA577C3C-18B6-4795-8D71-3464FEC85225}.Release|x86.ActiveCfg = Release|Any CPU
		{EA577C3C-18B6-4795-8D71-3464FEC85225}.Release|x86.Build.0 = Release|Any CPU
		{F0369EF9-6C88-4249-A588-E0917DEC103C}.Debug|Any CPU.ActiveCfg = Debug|x64
		{F0369EF9-6C88-4249-A588-E0917DEC103C}.Debug|Any CPU.Build.0 = Debug|x64
		{F0369EF9-6C88-4249-A588-E0917DEC103C}.Debug|ARM32.ActiveCfg = Debug|ARM32
		{F0369EF9-6C88-4249-A588-E0917DEC103C}.Debug|ARM32.Build.0 = Debug|ARM32
		{F0369EF9-6C88-4249-A588-E0917DEC103C}.Debug|ARM64.ActiveCfg = Debug|ARM64
		{F0369EF9-6C88-4249-A588-E0917DEC103C}.Debug|ARM64.Build.0 = Debug|ARM64
		{F0369EF9-6C88-4249-A588-E0917DEC103C}.Debug|x64.ActiveCfg = Debug|x64
		{F0369EF9-6C88-4249-A588-E0917DEC103C}.Debug|x64.Build.0 = Debug|x64
		{F0369EF9-6C88-4249-A588-E0917DEC103C}.Debug|x86.ActiveCfg = Debug|x86
		{F0369EF9-6C88-4249-A588-E0917DEC103C}.Debug|x86.Build.0 = Debug|x86
		{F0369EF9-6C88-4249-A588-E0917DEC103C}.Release|Any CPU.ActiveCfg = Release|Any CPU
		{F0369EF9-6C88-4249-A588-E0917DEC103C}.Release|Any CPU.Build.0 = Release|Any CPU
		{F0369EF9-6C88-4249-A588-E0917DEC103C}.Release|ARM32.ActiveCfg = Release|ARM32
		{F0369EF9-6C88-4249-A588-E0917DEC103C}.Release|ARM32.Build.0 = Release|ARM32
		{F0369EF9-6C88-4249-A588-E0917DEC103C}.Release|ARM64.ActiveCfg = Release|ARM64
		{F0369EF9-6C88-4249-A588-E0917DEC103C}.Release|ARM64.Build.0 = Release|ARM64
		{F0369EF9-6C88-4249-A588-E0917DEC103C}.Release|x64.ActiveCfg = Release|x64
		{F0369EF9-6C88-4249-A588-E0917DEC103C}.Release|x64.Build.0 = Release|x64
		{F0369EF9-6C88-4249-A588-E0917DEC103C}.Release|x86.ActiveCfg = Release|x86
		{F0369EF9-6C88-4249-A588-E0917DEC103C}.Release|x86.Build.0 = Release|x86
	EndGlobalSection
	GlobalSection(SolutionProperties) = preSolution
		HideSolutionNode = FALSE
	EndGlobalSection
	GlobalSection(ExtensibilityGlobals) = postSolution
		SolutionGuid = {18745D4F-7BC2-44CA-831A-225228E82FFC}
	EndGlobalSection
EndGlobal
