
Microsoft Visual Studio Solution File, Format Version 12.00
# Visual Studio Version 17
VisualStudioVersion = 17.8.34525.116
MinimumVisualStudioVersion = 10.0.40219.1
Project("{FAE04EC0-301F-11D3-BF4B-00C04F79EFBC}") = "Groepsproject_Blokken", "Groepsproject_Blokken\Groepsproject_Blokken.csproj", "{EA577C3C-18B6-4795-8D71-3464FEC85225}"
EndProject
Global
	GlobalSection(SolutionConfigurationPlatforms) = preSolution
		Debug|Any CPU = Debug|Any CPU
		Release|Any CPU = Release|Any CPU
	EndGlobalSection
	GlobalSection(ProjectConfigurationPlatforms) = postSolution
		{EA577C3C-18B6-4795-8D71-3464FEC85225}.Debug|Any CPU.ActiveCfg = Debug|Any CPU
		{EA577C3C-18B6-4795-8D71-3464FEC85225}.Debug|Any CPU.Build.0 = Debug|Any CPU
		{EA577C3C-18B6-4795-8D71-3464FEC85225}.Release|Any CPU.ActiveCfg = Release|Any CPU
		{EA577C3C-18B6-4795-8D71-3464FEC85225}.Release|Any CPU.Build.0 = Release|Any CPU
	EndGlobalSection
	GlobalSection(SolutionProperties) = preSolution
		HideSolutionNode = FALSE
	EndGlobalSection
	GlobalSection(ExtensibilityGlobals) = postSolution
		SolutionGuid = {18745D4F-7BC2-44CA-831A-225228E82FFC}
	EndGlobalSection
EndGlobal
